
Microsoft Visual Studio Solution File, Format Version 12.00
# Visual Studio 15
VisualStudioVersion = 15.0.27703.2035
MinimumVisualStudioVersion = 10.0.40219.1
Project("{FAE04EC0-301F-11D3-BF4B-00C04F79EFBC}") = "CE1_5pt1", "\\vmware-host\Shared Folders\Mobile Development\09 Project and Portfolio II - Mobile Development\01 Week\MarkMckinney_CodingExercise1and2\Exercise01\CE1_5pt1\CE1_5pt_1\CE1_5pt1.csproj", "{E2D135CA-F6DC-478F-8CE9-515029AF954A}"
EndProject
Global
	GlobalSection(SolutionConfigurationPlatforms) = preSolution
		Debug|Any CPU = Debug|Any CPU
		Release|Any CPU = Release|Any CPU
	EndGlobalSection
	GlobalSection(ProjectConfigurationPlatforms) = postSolution
		{E2D135CA-F6DC-478F-8CE9-515029AF954A}.Debug|Any CPU.ActiveCfg = Debug|Any CPU
		{E2D135CA-F6DC-478F-8CE9-515029AF954A}.Debug|Any CPU.Build.0 = Debug|Any CPU
		{E2D135CA-F6DC-478F-8CE9-515029AF954A}.Release|Any CPU.ActiveCfg = Release|Any CPU
		{E2D135CA-F6DC-478F-8CE9-515029AF954A}.Release|Any CPU.Build.0 = Release|Any CPU
	EndGlobalSection
	GlobalSection(SolutionProperties) = preSolution
		HideSolutionNode = FALSE
	EndGlobalSection
	GlobalSection(ExtensibilityGlobals) = postSolution
		SolutionGuid = {B06417B0-8365-4C82-86C6-CEEF7306ED98}
	EndGlobalSection
EndGlobal
