
Microsoft Visual Studio Solution File, Format Version 12.00
# Visual Studio 15
VisualStudioVersion = 15.0.27703.2035
MinimumVisualStudioVersion = 10.0.40219.1
Project("{FAE04EC0-301F-11D3-BF4B-00C04F79EFBC}") = "CE1_5pt2", "CE1_5pt2\CE1_5pt2.csproj", "{B354BC41-6BB0-4B28-ADA5-24800345B3E6}"
EndProject
Global
	GlobalSection(SolutionConfigurationPlatforms) = preSolution
		Debug|Any CPU = Debug|Any CPU
		Release|Any CPU = Release|Any CPU
	EndGlobalSection
	GlobalSection(ProjectConfigurationPlatforms) = postSolution
		{B354BC41-6BB0-4B28-ADA5-24800345B3E6}.Debug|Any CPU.ActiveCfg = Debug|Any CPU
		{B354BC41-6BB0-4B28-ADA5-24800345B3E6}.Debug|Any CPU.Build.0 = Debug|Any CPU
		{B354BC41-6BB0-4B28-ADA5-24800345B3E6}.Release|Any CPU.ActiveCfg = Release|Any CPU
		{B354BC41-6BB0-4B28-ADA5-24800345B3E6}.Release|Any CPU.Build.0 = Release|Any CPU
	EndGlobalSection
	GlobalSection(SolutionProperties) = preSolution
		HideSolutionNode = FALSE
	EndGlobalSection
	GlobalSection(ExtensibilityGlobals) = postSolution
		SolutionGuid = {4628C06E-70CB-424B-9218-5004DBE8D1B9}
	EndGlobalSection
EndGlobal
