
Microsoft Visual Studio Solution File, Format Version 12.00
# Visual Studio 15
VisualStudioVersion = 15.0.27703.2035
MinimumVisualStudioVersion = 10.0.40219.1
Project("{FAE04EC0-301F-11D3-BF4B-00C04F79EFBC}") = "MyBeer", "MyBeer\MyBeer.csproj", "{9AE5E40D-BD49-45E7-8962-D738E03340DC}"
EndProject
Global
	GlobalSection(SolutionConfigurationPlatforms) = preSolution
		Debug|Any CPU = Debug|Any CPU
		Release|Any CPU = Release|Any CPU
	EndGlobalSection
	GlobalSection(ProjectConfigurationPlatforms) = postSolution
		{9AE5E40D-BD49-45E7-8962-D738E03340DC}.Debug|Any CPU.ActiveCfg = Debug|Any CPU
		{9AE5E40D-BD49-45E7-8962-D738E03340DC}.Debug|Any CPU.Build.0 = Debug|Any CPU
		{9AE5E40D-BD49-45E7-8962-D738E03340DC}.Release|Any CPU.ActiveCfg = Release|Any CPU
		{9AE5E40D-BD49-45E7-8962-D738E03340DC}.Release|Any CPU.Build.0 = Release|Any CPU
	EndGlobalSection
	GlobalSection(SolutionProperties) = preSolution
		HideSolutionNode = FALSE
	EndGlobalSection
	GlobalSection(ExtensibilityGlobals) = postSolution
		SolutionGuid = {167CAAEA-A5FC-4172-80DA-4CC1A9E5E239}
	EndGlobalSection
EndGlobal
